
Microsoft Visual Studio Solution File, Format Version 12.00
# Visual Studio Version 17
VisualStudioVersion = 17.0.31903.59
MinimumVisualStudioVersion = 10.0.40219.1
Project("{2150E333-8FDC-42A3-9474-1A3956D46DE8}") = "UserService", "UserService", "{C0127DB6-3CA8-EE98-7726-A4993E48C5D4}"
EndProject
Project("{2150E333-8FDC-42A3-9474-1A3956D46DE8}") = "src", "src", "{DDC2FC8E-3CB4-FABF-DBC9-050D9D5721E2}"
EndProject
Project("{FAE04EC0-301F-11D3-BF4B-00C04F79EFBC}") = "UserService.API", "UserService\src\UserService.API\UserService.API.csproj", "{EC6D2F90-B678-42A3-A74E-DC26C644826D}"
EndProject
Project("{FAE04EC0-301F-11D3-BF4B-00C04F79EFBC}") = "UserService.Application", "UserService\src\UserService.Application\UserService.Application.csproj", "{9BDE82F0-6B98-4258-9DBF-E337627B0AF8}"
EndProject
Project("{FAE04EC0-301F-11D3-BF4B-00C04F79EFBC}") = "UserService.Domain", "UserService\src\UserService.Domain\UserService.Domain.csproj", "{4E4E1DEE-CC61-4273-84D3-F8DC1ACCAE55}"
EndProject
Project("{FAE04EC0-301F-11D3-BF4B-00C04F79EFBC}") = "UserService.Infrastructure", "UserService\src\UserService.Infrastructure\UserService.Infrastructure.csproj", "{52BA3D88-3DE6-40E1-A020-445C510E017B}"
EndProject
Project("{2150E333-8FDC-42A3-9474-1A3956D46DE8}") = "HRService", "HRService", "{FFCAE3E0-E5A5-609E-5646-A7D415784CCF}"
EndProject
Project("{2150E333-8FDC-42A3-9474-1A3956D46DE8}") = "src", "src", "{40DEA01B-7909-6D4F-BA72-CEA7BBEEC705}"
EndProject
Project("{FAE04EC0-301F-11D3-BF4B-00C04F79EFBC}") = "HRService.API", "HRService\src\HRService.API\HRService.API.csproj", "{51B562AF-B737-4CE8-A83D-B9C4CBF7B797}"
EndProject
Project("{FAE04EC0-301F-11D3-BF4B-00C04F79EFBC}") = "HRService.Application", "HRService\src\HRService.Application\HRService.Application.csproj", "{1DEF15B1-58A0-4B52-A527-521D06084E22}"
EndProject
Project("{FAE04EC0-301F-11D3-BF4B-00C04F79EFBC}") = "HRService.Domain", "HRService\src\HRService.Domain\HRService.Domain.csproj", "{0AEF0409-9798-4A94-9A64-9D8574F5AE66}"
EndProject
Project("{FAE04EC0-301F-11D3-BF4B-00C04F79EFBC}") = "HRService.Infrastructure", "HRService\src\HRService.Infrastructure\HRService.Infrastructure.csproj", "{5EE9D057-CFBB-4366-AA7E-E9250AC2072F}"
EndProject
Project("{2150E333-8FDC-42A3-9474-1A3956D46DE8}") = "ApiGateway", "ApiGateway", "{25D181DD-5CC9-F0B3-C64F-91E1AA77FD70}"
EndProject
Project("{2150E333-8FDC-42A3-9474-1A3956D46DE8}") = "src", "src", "{F0E44C91-40B1-886A-371F-DC2A96A28ABF}"
EndProject
Project("{FAE04EC0-301F-11D3-BF4B-00C04F79EFBC}") = "ApiGateway", "ApiGateway\src\ApiGateway\ApiGateway.csproj", "{834EA740-D73D-4848-BB8E-7D893C6F4F9A}"
EndProject
Global
	GlobalSection(SolutionConfigurationPlatforms) = preSolution
		Debug|Any CPU = Debug|Any CPU
		Debug|x64 = Debug|x64
		Debug|x86 = Debug|x86
		Release|Any CPU = Release|Any CPU
		Release|x64 = Release|x64
		Release|x86 = Release|x86
	EndGlobalSection
	GlobalSection(ProjectConfigurationPlatforms) = postSolution
		{EC6D2F90-B678-42A3-A74E-DC26C644826D}.Debug|Any CPU.ActiveCfg = Debug|Any CPU
		{EC6D2F90-B678-42A3-A74E-DC26C644826D}.Debug|Any CPU.Build.0 = Debug|Any CPU
		{EC6D2F90-B678-42A3-A74E-DC26C644826D}.Debug|x64.ActiveCfg = Debug|Any CPU
		{EC6D2F90-B678-42A3-A74E-DC26C644826D}.Debug|x64.Build.0 = Debug|Any CPU
		{EC6D2F90-B678-42A3-A74E-DC26C644826D}.Debug|x86.ActiveCfg = Debug|Any CPU
		{EC6D2F90-B678-42A3-A74E-DC26C644826D}.Debug|x86.Build.0 = Debug|Any CPU
		{EC6D2F90-B678-42A3-A74E-DC26C644826D}.Release|Any CPU.ActiveCfg = Release|Any CPU
		{EC6D2F90-B678-42A3-A74E-DC26C644826D}.Release|Any CPU.Build.0 = Release|Any CPU
		{EC6D2F90-B678-42A3-A74E-DC26C644826D}.Release|x64.ActiveCfg = Release|Any CPU
		{EC6D2F90-B678-42A3-A74E-DC26C644826D}.Release|x64.Build.0 = Release|Any CPU
		{EC6D2F90-B678-42A3-A74E-DC26C644826D}.Release|x86.ActiveCfg = Release|Any CPU
		{EC6D2F90-B678-42A3-A74E-DC26C644826D}.Release|x86.Build.0 = Release|Any CPU
		{9BDE82F0-6B98-4258-9DBF-E337627B0AF8}.Debug|Any CPU.ActiveCfg = Debug|Any CPU
		{9BDE82F0-6B98-4258-9DBF-E337627B0AF8}.Debug|Any CPU.Build.0 = Debug|Any CPU
		{9BDE82F0-6B98-4258-9DBF-E337627B0AF8}.Debug|x64.ActiveCfg = Debug|Any CPU
		{9BDE82F0-6B98-4258-9DBF-E337627B0AF8}.Debug|x64.Build.0 = Debug|Any CPU
		{9BDE82F0-6B98-4258-9DBF-E337627B0AF8}.Debug|x86.ActiveCfg = Debug|Any CPU
		{9BDE82F0-6B98-4258-9DBF-E337627B0AF8}.Debug|x86.Build.0 = Debug|Any CPU
		{9BDE82F0-6B98-4258-9DBF-E337627B0AF8}.Release|Any CPU.ActiveCfg = Release|Any CPU
		{9BDE82F0-6B98-4258-9DBF-E337627B0AF8}.Release|Any CPU.Build.0 = Release|Any CPU
		{9BDE82F0-6B98-4258-9DBF-E337627B0AF8}.Release|x64.ActiveCfg = Release|Any CPU
		{9BDE82F0-6B98-4258-9DBF-E337627B0AF8}.Release|x64.Build.0 = Release|Any CPU
		{9BDE82F0-6B98-4258-9DBF-E337627B0AF8}.Release|x86.ActiveCfg = Release|Any CPU
		{9BDE82F0-6B98-4258-9DBF-E337627B0AF8}.Release|x86.Build.0 = Release|Any CPU
		{4E4E1DEE-CC61-4273-84D3-F8DC1ACCAE55}.Debug|Any CPU.ActiveCfg = Debug|Any CPU
		{4E4E1DEE-CC61-4273-84D3-F8DC1ACCAE55}.Debug|Any CPU.Build.0 = Debug|Any CPU
		{4E4E1DEE-CC61-4273-84D3-F8DC1ACCAE55}.Debug|x64.ActiveCfg = Debug|Any CPU
		{4E4E1DEE-CC61-4273-84D3-F8DC1ACCAE55}.Debug|x64.Build.0 = Debug|Any CPU
		{4E4E1DEE-CC61-4273-84D3-F8DC1ACCAE55}.Debug|x86.ActiveCfg = Debug|Any CPU
		{4E4E1DEE-CC61-4273-84D3-F8DC1ACCAE55}.Debug|x86.Build.0 = Debug|Any CPU
		{4E4E1DEE-CC61-4273-84D3-F8DC1ACCAE55}.Release|Any CPU.ActiveCfg = Release|Any CPU
		{4E4E1DEE-CC61-4273-84D3-F8DC1ACCAE55}.Release|Any CPU.Build.0 = Release|Any CPU
		{4E4E1DEE-CC61-4273-84D3-F8DC1ACCAE55}.Release|x64.ActiveCfg = Release|Any CPU
		{4E4E1DEE-CC61-4273-84D3-F8DC1ACCAE55}.Release|x64.Build.0 = Release|Any CPU
		{4E4E1DEE-CC61-4273-84D3-F8DC1ACCAE55}.Release|x86.ActiveCfg = Release|Any CPU
		{4E4E1DEE-CC61-4273-84D3-F8DC1ACCAE55}.Release|x86.Build.0 = Release|Any CPU
		{52BA3D88-3DE6-40E1-A020-445C510E017B}.Debug|Any CPU.ActiveCfg = Debug|Any CPU
		{52BA3D88-3DE6-40E1-A020-445C510E017B}.Debug|Any CPU.Build.0 = Debug|Any CPU
		{52BA3D88-3DE6-40E1-A020-445C510E017B}.Debug|x64.ActiveCfg = Debug|Any CPU
		{52BA3D88-3DE6-40E1-A020-445C510E017B}.Debug|x64.Build.0 = Debug|Any CPU
		{52BA3D88-3DE6-40E1-A020-445C510E017B}.Debug|x86.ActiveCfg = Debug|Any CPU
		{52BA3D88-3DE6-40E1-A020-445C510E017B}.Debug|x86.Build.0 = Debug|Any CPU
		{52BA3D88-3DE6-40E1-A020-445C510E017B}.Release|Any CPU.ActiveCfg = Release|Any CPU
		{52BA3D88-3DE6-40E1-A020-445C510E017B}.Release|Any CPU.Build.0 = Release|Any CPU
		{52BA3D88-3DE6-40E1-A020-445C510E017B}.Release|x64.ActiveCfg = Release|Any CPU
		{52BA3D88-3DE6-40E1-A020-445C510E017B}.Release|x64.Build.0 = Release|Any CPU
		{52BA3D88-3DE6-40E1-A020-445C510E017B}.Release|x86.ActiveCfg = Release|Any CPU
		{52BA3D88-3DE6-40E1-A020-445C510E017B}.Release|x86.Build.0 = Release|Any CPU
		{51B562AF-B737-4CE8-A83D-B9C4CBF7B797}.Debug|Any CPU.ActiveCfg = Debug|Any CPU
		{51B562AF-B737-4CE8-A83D-B9C4CBF7B797}.Debug|Any CPU.Build.0 = Debug|Any CPU
		{51B562AF-B737-4CE8-A83D-B9C4CBF7B797}.Debug|x64.ActiveCfg = Debug|Any CPU
		{51B562AF-B737-4CE8-A83D-B9C4CBF7B797}.Debug|x64.Build.0 = Debug|Any CPU
		{51B562AF-B737-4CE8-A83D-B9C4CBF7B797}.Debug|x86.ActiveCfg = Debug|Any CPU
		{51B562AF-B737-4CE8-A83D-B9C4CBF7B797}.Debug|x86.Build.0 = Debug|Any CPU
		{51B562AF-B737-4CE8-A83D-B9C4CBF7B797}.Release|Any CPU.ActiveCfg = Release|Any CPU
		{51B562AF-B737-4CE8-A83D-B9C4CBF7B797}.Release|Any CPU.Build.0 = Release|Any CPU
		{51B562AF-B737-4CE8-A83D-B9C4CBF7B797}.Release|x64.ActiveCfg = Release|Any CPU
		{51B562AF-B737-4CE8-A83D-B9C4CBF7B797}.Release|x64.Build.0 = Release|Any CPU
		{51B562AF-B737-4CE8-A83D-B9C4CBF7B797}.Release|x86.ActiveCfg = Release|Any CPU
		{51B562AF-B737-4CE8-A83D-B9C4CBF7B797}.Release|x86.Build.0 = Release|Any CPU
		{1DEF15B1-58A0-4B52-A527-521D06084E22}.Debug|Any CPU.ActiveCfg = Debug|Any CPU
		{1DEF15B1-58A0-4B52-A527-521D06084E22}.Debug|Any CPU.Build.0 = Debug|Any CPU
		{1DEF15B1-58A0-4B52-A527-521D06084E22}.Debug|x64.ActiveCfg = Debug|Any CPU
		{1DEF15B1-58A0-4B52-A527-521D06084E22}.Debug|x64.Build.0 = Debug|Any CPU
		{1DEF15B1-58A0-4B52-A527-521D06084E22}.Debug|x86.ActiveCfg = Debug|Any CPU
		{1DEF15B1-58A0-4B52-A527-521D06084E22}.Debug|x86.Build.0 = Debug|Any CPU
		{1DEF15B1-58A0-4B52-A527-521D06084E22}.Release|Any CPU.ActiveCfg = Release|Any CPU
		{1DEF15B1-58A0-4B52-A527-521D06084E22}.Release|Any CPU.Build.0 = Release|Any CPU
		{1DEF15B1-58A0-4B52-A527-521D06084E22}.Release|x64.ActiveCfg = Release|Any CPU
		{1DEF15B1-58A0-4B52-A527-521D06084E22}.Release|x64.Build.0 = Release|Any CPU
		{1DEF15B1-58A0-4B52-A527-521D06084E22}.Release|x86.ActiveCfg = Release|Any CPU
		{1DEF15B1-58A0-4B52-A527-521D06084E22}.Release|x86.Build.0 = Release|Any CPU
		{0AEF0409-9798-4A94-9A64-9D8574F5AE66}.Debug|Any CPU.ActiveCfg = Debug|Any CPU
		{0AEF0409-9798-4A94-9A64-9D8574F5AE66}.Debug|Any CPU.Build.0 = Debug|Any CPU
		{0AEF0409-9798-4A94-9A64-9D8574F5AE66}.Debug|x64.ActiveCfg = Debug|Any CPU
		{0AEF0409-9798-4A94-9A64-9D8574F5AE66}.Debug|x64.Build.0 = Debug|Any CPU
		{0AEF0409-9798-4A94-9A64-9D8574F5AE66}.Debug|x86.ActiveCfg = Debug|Any CPU
		{0AEF0409-9798-4A94-9A64-9D8574F5AE66}.Debug|x86.Build.0 = Debug|Any CPU
		{0AEF0409-9798-4A94-9A64-9D8574F5AE66}.Release|Any CPU.ActiveCfg = Release|Any CPU
		{0AEF0409-9798-4A94-9A64-9D8574F5AE66}.Release|Any CPU.Build.0 = Release|Any CPU
		{0AEF0409-9798-4A94-9A64-9D8574F5AE66}.Release|x64.ActiveCfg = Release|Any CPU
		{0AEF0409-9798-4A94-9A64-9D8574F5AE66}.Release|x64.Build.0 = Release|Any CPU
		{0AEF0409-9798-4A94-9A64-9D8574F5AE66}.Release|x86.ActiveCfg = Release|Any CPU
		{0AEF0409-9798-4A94-9A64-9D8574F5AE66}.Release|x86.Build.0 = Release|Any CPU
		{5EE9D057-CFBB-4366-AA7E-E9250AC2072F}.Debug|Any CPU.ActiveCfg = Debug|Any CPU
		{5EE9D057-CFBB-4366-AA7E-E9250AC2072F}.Debug|Any CPU.Build.0 = Debug|Any CPU
		{5EE9D057-CFBB-4366-AA7E-E9250AC2072F}.Debug|x64.ActiveCfg = Debug|Any CPU
		{5EE9D057-CFBB-4366-AA7E-E9250AC2072F}.Debug|x64.Build.0 = Debug|Any CPU
		{5EE9D057-CFBB-4366-AA7E-E9250AC2072F}.Debug|x86.ActiveCfg = Debug|Any CPU
		{5EE9D057-CFBB-4366-AA7E-E9250AC2072F}.Debug|x86.Build.0 = Debug|Any CPU
		{5EE9D057-CFBB-4366-AA7E-E9250AC2072F}.Release|Any CPU.ActiveCfg = Release|Any CPU
		{5EE9D057-CFBB-4366-AA7E-E9250AC2072F}.Release|Any CPU.Build.0 = Release|Any CPU
		{5EE9D057-CFBB-4366-AA7E-E9250AC2072F}.Release|x64.ActiveCfg = Release|Any CPU
		{5EE9D057-CFBB-4366-AA7E-E9250AC2072F}.Release|x64.Build.0 = Release|Any CPU
		{5EE9D057-CFBB-4366-AA7E-E9250AC2072F}.Release|x86.ActiveCfg = Release|Any CPU
		{5EE9D057-CFBB-4366-AA7E-E9250AC2072F}.Release|x86.Build.0 = Release|Any CPU
		{834EA740-D73D-4848-BB8E-7D893C6F4F9A}.Debug|Any CPU.ActiveCfg = Debug|Any CPU
		{834EA740-D73D-4848-BB8E-7D893C6F4F9A}.Debug|Any CPU.Build.0 = Debug|Any CPU
		{834EA740-D73D-4848-BB8E-7D893C6F4F9A}.Debug|x64.ActiveCfg = Debug|Any CPU
		{834EA740-D73D-4848-BB8E-7D893C6F4F9A}.Debug|x64.Build.0 = Debug|Any CPU
		{834EA740-D73D-4848-BB8E-7D893C6F4F9A}.Debug|x86.ActiveCfg = Debug|Any CPU
		{834EA740-D73D-4848-BB8E-7D893C6F4F9A}.Debug|x86.Build.0 = Debug|Any CPU
		{834EA740-D73D-4848-BB8E-7D893C6F4F9A}.Release|Any CPU.ActiveCfg = Release|Any CPU
		{834EA740-D73D-4848-BB8E-7D893C6F4F9A}.Release|Any CPU.Build.0 = Release|Any CPU
		{834EA740-D73D-4848-BB8E-7D893C6F4F9A}.Release|x64.ActiveCfg = Release|Any CPU
		{834EA740-D73D-4848-BB8E-7D893C6F4F9A}.Release|x64.Build.0 = Release|Any CPU
		{834EA740-D73D-4848-BB8E-7D893C6F4F9A}.Release|x86.ActiveCfg = Release|Any CPU
		{834EA740-D73D-4848-BB8E-7D893C6F4F9A}.Release|x86.Build.0 = Release|Any CPU
	EndGlobalSection
	GlobalSection(SolutionProperties) = preSolution
		HideSolutionNode = FALSE
	EndGlobalSection
	GlobalSection(NestedProjects) = preSolution
		{DDC2FC8E-3CB4-FABF-DBC9-050D9D5721E2} = {C0127DB6-3CA8-EE98-7726-A4993E48C5D4}
		{EC6D2F90-B678-42A3-A74E-DC26C644826D} = {DDC2FC8E-3CB4-FABF-DBC9-050D9D5721E2}
		{9BDE82F0-6B98-4258-9DBF-E337627B0AF8} = {DDC2FC8E-3CB4-FABF-DBC9-050D9D5721E2}
		{4E4E1DEE-CC61-4273-84D3-F8DC1ACCAE55} = {DDC2FC8E-3CB4-FABF-DBC9-050D9D5721E2}
		{52BA3D88-3DE6-40E1-A020-445C510E017B} = {DDC2FC8E-3CB4-FABF-DBC9-050D9D5721E2}
		{40DEA01B-7909-6D4F-BA72-CEA7BBEEC705} = {FFCAE3E0-E5A5-609E-5646-A7D415784CCF}
		{51B562AF-B737-4CE8-A83D-B9C4CBF7B797} = {40DEA01B-7909-6D4F-BA72-CEA7BBEEC705}
		{1DEF15B1-58A0-4B52-A527-521D06084E22} = {40DEA01B-7909-6D4F-BA72-CEA7BBEEC705}
		{0AEF0409-9798-4A94-9A64-9D8574F5AE66} = {40DEA01B-7909-6D4F-BA72-CEA7BBEEC705}
		{5EE9D057-CFBB-4366-AA7E-E9250AC2072F} = {40DEA01B-7909-6D4F-BA72-CEA7BBEEC705}
		{F0E44C91-40B1-886A-371F-DC2A96A28ABF} = {25D181DD-5CC9-F0B3-C64F-91E1AA77FD70}
		{834EA740-D73D-4848-BB8E-7D893C6F4F9A} = {F0E44C91-40B1-886A-371F-DC2A96A28ABF}
	EndGlobalSection
EndGlobal
